
Microsoft Visual Studio Solution File, Format Version 12.00
# Visual Studio 2015
Project("{FAE04EC0-301F-11D3-BF4B-00C04F79EFBC}") = "Diana", "Diana.csproj", "{C675D7B0-18DD-5B96-D34B-3C486FBECA2A}"
EndProject
Global
	GlobalSection(SolutionConfigurationPlatforms) = preSolution
		Debug|Any CPU = Debug|Any CPU
		Release|Any CPU = Release|Any CPU
	EndGlobalSection
	GlobalSection(ProjectConfigurationPlatforms) = postSolution
		{C675D7B0-18DD-5B96-D34B-3C486FBECA2A}.Debug|Any CPU.ActiveCfg = Debug|Any CPU
		{C675D7B0-18DD-5B96-D34B-3C486FBECA2A}.Debug|Any CPU.Build.0 = Debug|Any CPU
		{C675D7B0-18DD-5B96-D34B-3C486FBECA2A}.Release|Any CPU.ActiveCfg = Release|Any CPU
		{C675D7B0-18DD-5B96-D34B-3C486FBECA2A}.Release|Any CPU.Build.0 = Release|Any CPU
	EndGlobalSection
	GlobalSection(SolutionProperties) = preSolution
		HideSolutionNode = FALSE
	EndGlobalSection
EndGlobal
